{
  "nodes": {
    "nixpkgs": {
      "locked": {
        "lastModified": 1719707984,
        "narHash": "sha256-RoxIr/fbndtuKqulGvNCcuzC6KdAib85Q8gXnjzA1dw=",
        "owner": "NixOS",
        "repo": "nixpkgs",
        "rev": "7dca15289a1c2990efbe4680f0923ce14139b042",
        "type": "github"
      },
      "original": {
        "owner": "NixOS",
        "ref": "nixos-24.05",
        "repo": "nixpkgs",
        "type": "github"
      }
    },
    "nixpkgs-unstable": {
      "locked": {
        "lastModified": 1719690277,
        "narHash": "sha256-0xSej1g7eP2kaUF+JQp8jdyNmpmCJKRpO12mKl/36Kc=",
        "owner": "nixos",
        "repo": "nixpkgs",
        "rev": "2741b4b489b55df32afac57bc4bfd220e8bf617e",
        "type": "github"
      },
      "original": {
        "owner": "nixos",
        "ref": "nixos-unstable",
        "repo": "nixpkgs",
        "type": "github"
      }
    },
    "root": {
      "inputs": {
        "nixpkgs": "nixpkgs",
        "nixpkgs-unstable": "nixpkgs-unstable"
      }
    }
  },
  "root": "root",
  "version": 7
}
